
Microsoft Visual Studio Solution File, Format Version 12.00
# Visual Studio Version 16
VisualStudioVersion = 16.0.32901.82
MinimumVisualStudioVersion = 10.0.40219.1
Project("{FAE04EC0-301F-11D3-BF4B-00C04F79EFBC}") = "QLSinhVienChuyenNghanh", "QLSinhVienChuyenNghanh\QLSinhVienChuyenNghanh.csproj", "{87E36AFD-47F9-492B-B52D-F8F178A70917}"
EndProject
Global
	GlobalSection(SolutionConfigurationPlatforms) = preSolution
		Debug|Any CPU = Debug|Any CPU
		Release|Any CPU = Release|Any CPU
	EndGlobalSection
	GlobalSection(ProjectConfigurationPlatforms) = postSolution
		{87E36AFD-47F9-492B-B52D-F8F178A70917}.Debug|Any CPU.ActiveCfg = Debug|Any CPU
		{87E36AFD-47F9-492B-B52D-F8F178A70917}.Debug|Any CPU.Build.0 = Debug|Any CPU
		{87E36AFD-47F9-492B-B52D-F8F178A70917}.Release|Any CPU.ActiveCfg = Release|Any CPU
		{87E36AFD-47F9-492B-B52D-F8F178A70917}.Release|Any CPU.Build.0 = Release|Any CPU
	EndGlobalSection
	GlobalSection(SolutionProperties) = preSolution
		HideSolutionNode = FALSE
	EndGlobalSection
	GlobalSection(ExtensibilityGlobals) = postSolution
		SolutionGuid = {887F46CC-E1F5-4A90-A868-30714EB3EFED}
	EndGlobalSection
EndGlobal
